// !$*UTF8*$!
{
	archiveVersion = 1;
	classes = {
	};
	objectVersion = 52;
	objects = {

/* Begin PBXBuildFile section */
		935E3B29FB4ECB33557B3D3A /* Pods_MoviesDB.framework in Frameworks */ = {isa = PBXBuildFile; fileRef = D4CBBBA71482456E8550252E /* Pods_MoviesDB.framework */; };
		EB08CE26262BD1C4003F35B5 /* PopularPresenter.swift in Sources */ = {isa = PBXBuildFile; fileRef = EB08CE1F262BD1C4003F35B5 /* PopularPresenter.swift */; };
		EB08CE27262BD1C4003F35B5 /* PopularLocalDataManager.swift in Sources */ = {isa = PBXBuildFile; fileRef = EB08CE20262BD1C4003F35B5 /* PopularLocalDataManager.swift */; };
		EB08CE28262BD1C4003F35B5 /* PopularProtocols.swift in Sources */ = {isa = PBXBuildFile; fileRef = EB08CE21262BD1C4003F35B5 /* PopularProtocols.swift */; };
		EB08CE29262BD1C4003F35B5 /* PopularInteractor.swift in Sources */ = {isa = PBXBuildFile; fileRef = EB08CE22262BD1C4003F35B5 /* PopularInteractor.swift */; };
		EB08CE2A262BD1C4003F35B5 /* PopularView.swift in Sources */ = {isa = PBXBuildFile; fileRef = EB08CE23262BD1C4003F35B5 /* PopularView.swift */; };
		EB08CE2B262BD1C4003F35B5 /* PopularRemoteDataManager.swift in Sources */ = {isa = PBXBuildFile; fileRef = EB08CE24262BD1C4003F35B5 /* PopularRemoteDataManager.swift */; };
		EB08CE2C262BD1C4003F35B5 /* PopularWireFrame.swift in Sources */ = {isa = PBXBuildFile; fileRef = EB08CE25262BD1C4003F35B5 /* PopularWireFrame.swift */; };
		EB08CE36262BD1F6003F35B5 /* UpcomingPresenter.swift in Sources */ = {isa = PBXBuildFile; fileRef = EB08CE2F262BD1F6003F35B5 /* UpcomingPresenter.swift */; };
		EB08CE37262BD1F6003F35B5 /* UpcomingLocalDataManager.swift in Sources */ = {isa = PBXBuildFile; fileRef = EB08CE30262BD1F6003F35B5 /* UpcomingLocalDataManager.swift */; };
		EB08CE38262BD1F6003F35B5 /* UpcomingProtocols.swift in Sources */ = {isa = PBXBuildFile; fileRef = EB08CE31262BD1F6003F35B5 /* UpcomingProtocols.swift */; };
		EB08CE39262BD1F6003F35B5 /* UpcomingInteractor.swift in Sources */ = {isa = PBXBuildFile; fileRef = EB08CE32262BD1F6003F35B5 /* UpcomingInteractor.swift */; };
		EB08CE3A262BD1F6003F35B5 /* UpcomingView.swift in Sources */ = {isa = PBXBuildFile; fileRef = EB08CE33262BD1F6003F35B5 /* UpcomingView.swift */; };
		EB08CE3B262BD1F6003F35B5 /* UpcomingRemoteDataManager.swift in Sources */ = {isa = PBXBuildFile; fileRef = EB08CE34262BD1F6003F35B5 /* UpcomingRemoteDataManager.swift */; };
		EB08CE3C262BD1F6003F35B5 /* UpcomingWireFrame.swift in Sources */ = {isa = PBXBuildFile; fileRef = EB08CE35262BD1F6003F35B5 /* UpcomingWireFrame.swift */; };
		EB08CE40262BD222003F35B5 /* UpcomingView.storyboard in Resources */ = {isa = PBXBuildFile; fileRef = EB08CE3F262BD222003F35B5 /* UpcomingView.storyboard */; };
		EB08CE44262BD2AA003F35B5 /* PopularView.storyboard in Resources */ = {isa = PBXBuildFile; fileRef = EB08CE43262BD2AA003F35B5 /* PopularView.storyboard */; };
		EB5F76D42629E3AB00200961 /* NowPlayingPresenter.swift in Sources */ = {isa = PBXBuildFile; fileRef = EB5F76CD2629E3AB00200961 /* NowPlayingPresenter.swift */; };
		EB5F76D52629E3AB00200961 /* NowPlayingDataManager.swift in Sources */ = {isa = PBXBuildFile; fileRef = EB5F76CE2629E3AB00200961 /* NowPlayingDataManager.swift */; };
		EB5F76D62629E3AB00200961 /* NowPlayingProtocols.swift in Sources */ = {isa = PBXBuildFile; fileRef = EB5F76CF2629E3AB00200961 /* NowPlayingProtocols.swift */; };
		EB5F76D72629E3AB00200961 /* NowPlayingInteractor.swift in Sources */ = {isa = PBXBuildFile; fileRef = EB5F76D02629E3AB00200961 /* NowPlayingInteractor.swift */; };
		EB5F76D82629E3AB00200961 /* NowPlayingController.swift in Sources */ = {isa = PBXBuildFile; fileRef = EB5F76D12629E3AB00200961 /* NowPlayingController.swift */; };
		EB5F76D92629E3AB00200961 /* NowPlayingRemoteDataManager.swift in Sources */ = {isa = PBXBuildFile; fileRef = EB5F76D22629E3AB00200961 /* NowPlayingRemoteDataManager.swift */; };
		EB5F76DA2629E3AB00200961 /* NowPlayingWireFrame.swift in Sources */ = {isa = PBXBuildFile; fileRef = EB5F76D32629E3AB00200961 /* NowPlayingWireFrame.swift */; };
		EB7D4FC4262A6FE900B9FE23 /* API.swift in Sources */ = {isa = PBXBuildFile; fileRef = EB7D4FC3262A6FE900B9FE23 /* API.swift */; };
		EB9FCB5F262B12FD009988EA /* Alamofire in Frameworks */ = {isa = PBXBuildFile; productRef = EB9FCB5E262B12FD009988EA /* Alamofire */; };
		EB9FCB63262B1335009988EA /* ServiceManager.swift in Sources */ = {isa = PBXBuildFile; fileRef = EB9FCB62262B1335009988EA /* ServiceManager.swift */; };
		EB9FCB78262B1894009988EA /* Movie.swift in Sources */ = {isa = PBXBuildFile; fileRef = EB9FCB77262B1894009988EA /* Movie.swift */; };
		EB9FCBD4262BBA1D009988EA /* MovieViewCell.swift in Sources */ = {isa = PBXBuildFile; fileRef = EB9FCBD2262BBA1D009988EA /* MovieViewCell.swift */; };
		EB9FCBD5262BBA1D009988EA /* MovieViewCell.xib in Resources */ = {isa = PBXBuildFile; fileRef = EB9FCBD3262BBA1D009988EA /* MovieViewCell.xib */; };
		EB9FCBE0262BCBC6009988EA /* TabBarWireFrame.swift in Sources */ = {isa = PBXBuildFile; fileRef = EB9FCBDF262BCBC6009988EA /* TabBarWireFrame.swift */; };
		EBAF1D39262BD9530065A367 /* DetailPresenter.swift in Sources */ = {isa = PBXBuildFile; fileRef = EBAF1D32262BD9530065A367 /* DetailPresenter.swift */; };
		EBAF1D3A262BD9530065A367 /* DetailLocalDataManager.swift in Sources */ = {isa = PBXBuildFile; fileRef = EBAF1D33262BD9530065A367 /* DetailLocalDataManager.swift */; };
		EBAF1D3B262BD9530065A367 /* DetailProtocols.swift in Sources */ = {isa = PBXBuildFile; fileRef = EBAF1D34262BD9530065A367 /* DetailProtocols.swift */; };
		EBAF1D3C262BD9530065A367 /* DetailInteractor.swift in Sources */ = {isa = PBXBuildFile; fileRef = EBAF1D35262BD9530065A367 /* DetailInteractor.swift */; };
		EBAF1D3D262BD9530065A367 /* DetailView.swift in Sources */ = {isa = PBXBuildFile; fileRef = EBAF1D36262BD9530065A367 /* DetailView.swift */; };
		EBAF1D3E262BD9530065A367 /* DetailRemoteDataManager.swift in Sources */ = {isa = PBXBuildFile; fileRef = EBAF1D37262BD9530065A367 /* DetailRemoteDataManager.swift */; };
		EBAF1D3F262BD9530065A367 /* DetailWireFrame.swift in Sources */ = {isa = PBXBuildFile; fileRef = EBAF1D38262BD9530065A367 /* DetailWireFrame.swift */; };
		EBAF1D48262BDB8F0065A367 /* DetailView.storyboard in Resources */ = {isa = PBXBuildFile; fileRef = EBAF1D47262BDB8F0065A367 /* DetailView.storyboard */; };
		EBAF1D4B262C87040065A367 /* CollectionViewSearch.swift in Sources */ = {isa = PBXBuildFile; fileRef = EBAF1D4A262C87040065A367 /* CollectionViewSearch.swift */; };
		EBB77BA22629160300AC2D22 /* AppDelegate.swift in Sources */ = {isa = PBXBuildFile; fileRef = EBB77BA12629160300AC2D22 /* AppDelegate.swift */; };
		EBB77BA92629160300AC2D22 /* NowPlayingView.storyboard in Resources */ = {isa = PBXBuildFile; fileRef = EBB77BA72629160300AC2D22 /* NowPlayingView.storyboard */; };
		EBB77BAB2629160700AC2D22 /* Assets.xcassets in Resources */ = {isa = PBXBuildFile; fileRef = EBB77BAA2629160700AC2D22 /* Assets.xcassets */; };
		EBB77BAE2629160700AC2D22 /* LaunchScreen.storyboard in Resources */ = {isa = PBXBuildFile; fileRef = EBB77BAC2629160700AC2D22 /* LaunchScreen.storyboard */; };
/* End PBXBuildFile section */

/* Begin PBXFileReference section */
		864C3FAE4A976BC48F71EB52 /* Pods-MoviesDB.release.xcconfig */ = {isa = PBXFileReference; includeInIndex = 1; lastKnownFileType = text.xcconfig; name = "Pods-MoviesDB.release.xcconfig"; path = "Target Support Files/Pods-MoviesDB/Pods-MoviesDB.release.xcconfig"; sourceTree = "<group>"; };
		D4CBBBA71482456E8550252E /* Pods_MoviesDB.framework */ = {isa = PBXFileReference; explicitFileType = wrapper.framework; includeInIndex = 0; path = Pods_MoviesDB.framework; sourceTree = BUILT_PRODUCTS_DIR; };
		D583B679A4CD780C6FAB220E /* Pods-MoviesDB.debug.xcconfig */ = {isa = PBXFileReference; includeInIndex = 1; lastKnownFileType = text.xcconfig; name = "Pods-MoviesDB.debug.xcconfig"; path = "Target Support Files/Pods-MoviesDB/Pods-MoviesDB.debug.xcconfig"; sourceTree = "<group>"; };
		EB08CE1F262BD1C4003F35B5 /* PopularPresenter.swift */ = {isa = PBXFileReference; lastKnownFileType = sourcecode.swift; path = PopularPresenter.swift; sourceTree = "<group>"; };
		EB08CE20262BD1C4003F35B5 /* PopularLocalDataManager.swift */ = {isa = PBXFileReference; lastKnownFileType = sourcecode.swift; path = PopularLocalDataManager.swift; sourceTree = "<group>"; };
		EB08CE21262BD1C4003F35B5 /* PopularProtocols.swift */ = {isa = PBXFileReference; lastKnownFileType = sourcecode.swift; path = PopularProtocols.swift; sourceTree = "<group>"; };
		EB08CE22262BD1C4003F35B5 /* PopularInteractor.swift */ = {isa = PBXFileReference; lastKnownFileType = sourcecode.swift; path = PopularInteractor.swift; sourceTree = "<group>"; };
		EB08CE23262BD1C4003F35B5 /* PopularView.swift */ = {isa = PBXFileReference; lastKnownFileType = sourcecode.swift; path = PopularView.swift; sourceTree = "<group>"; };
		EB08CE24262BD1C4003F35B5 /* PopularRemoteDataManager.swift */ = {isa = PBXFileReference; lastKnownFileType = sourcecode.swift; path = PopularRemoteDataManager.swift; sourceTree = "<group>"; };
		EB08CE25262BD1C4003F35B5 /* PopularWireFrame.swift */ = {isa = PBXFileReference; lastKnownFileType = sourcecode.swift; path = PopularWireFrame.swift; sourceTree = "<group>"; };
		EB08CE2F262BD1F6003F35B5 /* UpcomingPresenter.swift */ = {isa = PBXFileReference; lastKnownFileType = sourcecode.swift; path = UpcomingPresenter.swift; sourceTree = "<group>"; };
		EB08CE30262BD1F6003F35B5 /* UpcomingLocalDataManager.swift */ = {isa = PBXFileReference; lastKnownFileType = sourcecode.swift; path = UpcomingLocalDataManager.swift; sourceTree = "<group>"; };
		EB08CE31262BD1F6003F35B5 /* UpcomingProtocols.swift */ = {isa = PBXFileReference; lastKnownFileType = sourcecode.swift; path = UpcomingProtocols.swift; sourceTree = "<group>"; };
		EB08CE32262BD1F6003F35B5 /* UpcomingInteractor.swift */ = {isa = PBXFileReference; lastKnownFileType = sourcecode.swift; path = UpcomingInteractor.swift; sourceTree = "<group>"; };
		EB08CE33262BD1F6003F35B5 /* UpcomingView.swift */ = {isa = PBXFileReference; lastKnownFileType = sourcecode.swift; path = UpcomingView.swift; sourceTree = "<group>"; };
		EB08CE34262BD1F6003F35B5 /* UpcomingRemoteDataManager.swift */ = {isa = PBXFileReference; lastKnownFileType = sourcecode.swift; path = UpcomingRemoteDataManager.swift; sourceTree = "<group>"; };
		EB08CE35262BD1F6003F35B5 /* UpcomingWireFrame.swift */ = {isa = PBXFileReference; lastKnownFileType = sourcecode.swift; path = UpcomingWireFrame.swift; sourceTree = "<group>"; };
		EB08CE3F262BD222003F35B5 /* UpcomingView.storyboard */ = {isa = PBXFileReference; lastKnownFileType = file.storyboard; path = UpcomingView.storyboard; sourceTree = "<group>"; };
		EB08CE43262BD2AA003F35B5 /* PopularView.storyboard */ = {isa = PBXFileReference; lastKnownFileType = file.storyboard; path = PopularView.storyboard; sourceTree = "<group>"; };
		EB5F76CD2629E3AB00200961 /* NowPlayingPresenter.swift */ = {isa = PBXFileReference; lastKnownFileType = sourcecode.swift; path = NowPlayingPresenter.swift; sourceTree = "<group>"; };
		EB5F76CE2629E3AB00200961 /* NowPlayingDataManager.swift */ = {isa = PBXFileReference; lastKnownFileType = sourcecode.swift; path = NowPlayingDataManager.swift; sourceTree = "<group>"; };
		EB5F76CF2629E3AB00200961 /* NowPlayingProtocols.swift */ = {isa = PBXFileReference; lastKnownFileType = sourcecode.swift; path = NowPlayingProtocols.swift; sourceTree = "<group>"; };
		EB5F76D02629E3AB00200961 /* NowPlayingInteractor.swift */ = {isa = PBXFileReference; lastKnownFileType = sourcecode.swift; path = NowPlayingInteractor.swift; sourceTree = "<group>"; };
		EB5F76D12629E3AB00200961 /* NowPlayingController.swift */ = {isa = PBXFileReference; lastKnownFileType = sourcecode.swift; path = NowPlayingController.swift; sourceTree = "<group>"; };
		EB5F76D22629E3AB00200961 /* NowPlayingRemoteDataManager.swift */ = {isa = PBXFileReference; lastKnownFileType = sourcecode.swift; path = NowPlayingRemoteDataManager.swift; sourceTree = "<group>"; };
		EB5F76D32629E3AB00200961 /* NowPlayingWireFrame.swift */ = {isa = PBXFileReference; lastKnownFileType = sourcecode.swift; path = NowPlayingWireFrame.swift; sourceTree = "<group>"; };
		EB7D4FC3262A6FE900B9FE23 /* API.swift */ = {isa = PBXFileReference; lastKnownFileType = sourcecode.swift; path = API.swift; sourceTree = "<group>"; };
		EB9FCB62262B1335009988EA /* ServiceManager.swift */ = {isa = PBXFileReference; lastKnownFileType = sourcecode.swift; path = ServiceManager.swift; sourceTree = "<group>"; };
		EB9FCB77262B1894009988EA /* Movie.swift */ = {isa = PBXFileReference; lastKnownFileType = sourcecode.swift; path = Movie.swift; sourceTree = "<group>"; };
		EB9FCBD2262BBA1D009988EA /* MovieViewCell.swift */ = {isa = PBXFileReference; lastKnownFileType = sourcecode.swift; path = MovieViewCell.swift; sourceTree = "<group>"; };
		EB9FCBD3262BBA1D009988EA /* MovieViewCell.xib */ = {isa = PBXFileReference; lastKnownFileType = file.xib; path = MovieViewCell.xib; sourceTree = "<group>"; };
		EB9FCBDF262BCBC6009988EA /* TabBarWireFrame.swift */ = {isa = PBXFileReference; lastKnownFileType = sourcecode.swift; path = TabBarWireFrame.swift; sourceTree = "<group>"; };
		EBAF1D32262BD9530065A367 /* DetailPresenter.swift */ = {isa = PBXFileReference; lastKnownFileType = sourcecode.swift; path = DetailPresenter.swift; sourceTree = "<group>"; };
		EBAF1D33262BD9530065A367 /* DetailLocalDataManager.swift */ = {isa = PBXFileReference; lastKnownFileType = sourcecode.swift; path = DetailLocalDataManager.swift; sourceTree = "<group>"; };
		EBAF1D34262BD9530065A367 /* DetailProtocols.swift */ = {isa = PBXFileReference; lastKnownFileType = sourcecode.swift; path = DetailProtocols.swift; sourceTree = "<group>"; };
		EBAF1D35262BD9530065A367 /* DetailInteractor.swift */ = {isa = PBXFileReference; lastKnownFileType = sourcecode.swift; path = DetailInteractor.swift; sourceTree = "<group>"; };
		EBAF1D36262BD9530065A367 /* DetailView.swift */ = {isa = PBXFileReference; lastKnownFileType = sourcecode.swift; path = DetailView.swift; sourceTree = "<group>"; };
		EBAF1D37262BD9530065A367 /* DetailRemoteDataManager.swift */ = {isa = PBXFileReference; lastKnownFileType = sourcecode.swift; path = DetailRemoteDataManager.swift; sourceTree = "<group>"; };
		EBAF1D38262BD9530065A367 /* DetailWireFrame.swift */ = {isa = PBXFileReference; lastKnownFileType = sourcecode.swift; path = DetailWireFrame.swift; sourceTree = "<group>"; };
		EBAF1D47262BDB8F0065A367 /* DetailView.storyboard */ = {isa = PBXFileReference; lastKnownFileType = file.storyboard; path = DetailView.storyboard; sourceTree = "<group>"; };
		EBAF1D4A262C87040065A367 /* CollectionViewSearch.swift */ = {isa = PBXFileReference; lastKnownFileType = sourcecode.swift; path = CollectionViewSearch.swift; sourceTree = "<group>"; };
		EBB77B9E2629160300AC2D22 /* MoviesDB.app */ = {isa = PBXFileReference; explicitFileType = wrapper.application; includeInIndex = 0; path = MoviesDB.app; sourceTree = BUILT_PRODUCTS_DIR; };
		EBB77BA12629160300AC2D22 /* AppDelegate.swift */ = {isa = PBXFileReference; lastKnownFileType = sourcecode.swift; path = AppDelegate.swift; sourceTree = "<group>"; };
		EBB77BA82629160300AC2D22 /* Base */ = {isa = PBXFileReference; lastKnownFileType = file.storyboard; name = Base; path = Base.lproj/NowPlayingView.storyboard; sourceTree = "<group>"; };
		EBB77BAA2629160700AC2D22 /* Assets.xcassets */ = {isa = PBXFileReference; lastKnownFileType = folder.assetcatalog; path = Assets.xcassets; sourceTree = "<group>"; };
		EBB77BAD2629160700AC2D22 /* Base */ = {isa = PBXFileReference; lastKnownFileType = file.storyboard; name = Base; path = Base.lproj/LaunchScreen.storyboard; sourceTree = "<group>"; };
		EBB77BAF2629160700AC2D22 /* Info.plist */ = {isa = PBXFileReference; lastKnownFileType = text.plist.xml; path = Info.plist; sourceTree = "<group>"; };
/* End PBXFileReference section */

/* Begin PBXFrameworksBuildPhase section */
		EBB77B9B2629160300AC2D22 /* Frameworks */ = {
			isa = PBXFrameworksBuildPhase;
			buildActionMask = 2147483647;
			files = (
				935E3B29FB4ECB33557B3D3A /* Pods_MoviesDB.framework in Frameworks */,
				EB9FCB5F262B12FD009988EA /* Alamofire in Frameworks */,
			);
			runOnlyForDeploymentPostprocessing = 0;
		};
/* End PBXFrameworksBuildPhase section */

/* Begin PBXGroup section */
		0F243BB399435369DDE2C830 /* Frameworks */ = {
			isa = PBXGroup;
			children = (
				D4CBBBA71482456E8550252E /* Pods_MoviesDB.framework */,
			);
			name = Frameworks;
			sourceTree = "<group>";
		};
		39A3A9D88E17F8C4A0384A2F /* Pods */ = {
			isa = PBXGroup;
			children = (
				D583B679A4CD780C6FAB220E /* Pods-MoviesDB.debug.xcconfig */,
				864C3FAE4A976BC48F71EB52 /* Pods-MoviesDB.release.xcconfig */,
			);
			path = Pods;
			sourceTree = "<group>";
		};
		EB08CE1E262BD1A7003F35B5 /* Popular */ = {
			isa = PBXGroup;
			children = (
				EB08CE1F262BD1C4003F35B5 /* PopularPresenter.swift */,
				EB08CE20262BD1C4003F35B5 /* PopularLocalDataManager.swift */,
				EB08CE21262BD1C4003F35B5 /* PopularProtocols.swift */,
				EB08CE22262BD1C4003F35B5 /* PopularInteractor.swift */,
				EB08CE23262BD1C4003F35B5 /* PopularView.swift */,
				EB08CE24262BD1C4003F35B5 /* PopularRemoteDataManager.swift */,
				EB08CE25262BD1C4003F35B5 /* PopularWireFrame.swift */,
				EB08CE43262BD2AA003F35B5 /* PopularView.storyboard */,
				EBAF1D4A262C87040065A367 /* CollectionViewSearch.swift */,
			);
			path = Popular;
			sourceTree = "<group>";
		};
		EB08CE2E262BD1CD003F35B5 /* Upcoming */ = {
			isa = PBXGroup;
			children = (
				EB08CE2F262BD1F6003F35B5 /* UpcomingPresenter.swift */,
				EB08CE30262BD1F6003F35B5 /* UpcomingLocalDataManager.swift */,
				EB08CE31262BD1F6003F35B5 /* UpcomingProtocols.swift */,
				EB08CE32262BD1F6003F35B5 /* UpcomingInteractor.swift */,
				EB08CE33262BD1F6003F35B5 /* UpcomingView.swift */,
				EB08CE34262BD1F6003F35B5 /* UpcomingRemoteDataManager.swift */,
				EB08CE35262BD1F6003F35B5 /* UpcomingWireFrame.swift */,
				EB08CE3F262BD222003F35B5 /* UpcomingView.storyboard */,
			);
			path = Upcoming;
			sourceTree = "<group>";
		};
		EB5F76CC2629E39A00200961 /* NowPlaying */ = {
			isa = PBXGroup;
			children = (
				EB5F76CD2629E3AB00200961 /* NowPlayingPresenter.swift */,
				EB5F76CE2629E3AB00200961 /* NowPlayingDataManager.swift */,
				EB5F76D22629E3AB00200961 /* NowPlayingRemoteDataManager.swift */,
				EB5F76CF2629E3AB00200961 /* NowPlayingProtocols.swift */,
				EB5F76D02629E3AB00200961 /* NowPlayingInteractor.swift */,
				EBB77BA72629160300AC2D22 /* NowPlayingView.storyboard */,
				EB5F76D12629E3AB00200961 /* NowPlayingController.swift */,
				EB5F76D32629E3AB00200961 /* NowPlayingWireFrame.swift */,
				EB9FCBD2262BBA1D009988EA /* MovieViewCell.swift */,
				EB9FCBD3262BBA1D009988EA /* MovieViewCell.xib */,
			);
			path = NowPlaying;
			sourceTree = "<group>";
		};
		EB7D4FC2262A6FCC00B9FE23 /* Network */ = {
			isa = PBXGroup;
			children = (
				EB7D4FC3262A6FE900B9FE23 /* API.swift */,
			);
			path = Network;
			sourceTree = "<group>";
		};
		EB9FCB61262B1323009988EA /* Manager */ = {
			isa = PBXGroup;
			children = (
				EB9FCB62262B1335009988EA /* ServiceManager.swift */,
			);
			path = Manager;
			sourceTree = "<group>";
		};
		EBAF1D2A262BD8280065A367 /* SupportFiles */ = {
			isa = PBXGroup;
			children = (
				EBB77BA12629160300AC2D22 /* AppDelegate.swift */,
			);
			path = SupportFiles;
			sourceTree = "<group>";
		};
		EBAF1D2F262BD8820065A367 /* Resources */ = {
			isa = PBXGroup;
			children = (
				EBB77BAA2629160700AC2D22 /* Assets.xcassets */,
				EBB77BAC2629160700AC2D22 /* LaunchScreen.storyboard */,
			);
			path = Resources;
			sourceTree = "<group>";
		};
		EBAF1D30262BD89C0065A367 /* TabBar */ = {
			isa = PBXGroup;
			children = (
				EB9FCBDF262BCBC6009988EA /* TabBarWireFrame.swift */,
			);
			path = TabBar;
			sourceTree = "<group>";
		};
		EBAF1D31262BD9390065A367 /* Detail */ = {
			isa = PBXGroup;
			children = (
				EBAF1D32262BD9530065A367 /* DetailPresenter.swift */,
				EBAF1D33262BD9530065A367 /* DetailLocalDataManager.swift */,
				EBAF1D34262BD9530065A367 /* DetailProtocols.swift */,
				EBAF1D35262BD9530065A367 /* DetailInteractor.swift */,
				EBAF1D36262BD9530065A367 /* DetailView.swift */,
				EBAF1D37262BD9530065A367 /* DetailRemoteDataManager.swift */,
				EBAF1D38262BD9530065A367 /* DetailWireFrame.swift */,
				EBAF1D47262BDB8F0065A367 /* DetailView.storyboard */,
			);
			path = Detail;
			sourceTree = "<group>";
		};
		EBB77B952629160300AC2D22 = {
			isa = PBXGroup;
			children = (
				EBB77BA02629160300AC2D22 /* MoviesDB */,
				EBB77B9F2629160300AC2D22 /* Products */,
				39A3A9D88E17F8C4A0384A2F /* Pods */,
				0F243BB399435369DDE2C830 /* Frameworks */,
			);
			sourceTree = "<group>";
		};
		EBB77B9F2629160300AC2D22 /* Products */ = {
			isa = PBXGroup;
			children = (
				EBB77B9E2629160300AC2D22 /* MoviesDB.app */,
			);
			name = Products;
			sourceTree = "<group>";
		};
		EBB77BA02629160300AC2D22 /* MoviesDB */ = {
			isa = PBXGroup;
			children = (
				EBB77BAF2629160700AC2D22 /* Info.plist */,
				EBAF1D31262BD9390065A367 /* Detail */,
				EBAF1D30262BD89C0065A367 /* TabBar */,
				EBAF1D2F262BD8820065A367 /* Resources */,
				EBAF1D2A262BD8280065A367 /* SupportFiles */,
				EB08CE2E262BD1CD003F35B5 /* Upcoming */,
				EB08CE1E262BD1A7003F35B5 /* Popular */,
				EB5F76CC2629E39A00200961 /* NowPlaying */,
				EB9FCB77262B1894009988EA /* Movie.swift */,
				EB9FCB61262B1323009988EA /* Manager */,
				EB7D4FC2262A6FCC00B9FE23 /* Network */,
			);
			path = MoviesDB;
			sourceTree = "<group>";
		};
/* End PBXGroup section */

/* Begin PBXNativeTarget section */
		EBB77B9D2629160300AC2D22 /* MoviesDB */ = {
			isa = PBXNativeTarget;
			buildConfigurationList = EBB77BB22629160700AC2D22 /* Build configuration list for PBXNativeTarget "MoviesDB" */;
			buildPhases = (
				F7B83DC6E500AA8E79BDF3DD /* [CP] Check Pods Manifest.lock */,
				EBB77B9A2629160300AC2D22 /* Sources */,
				EBB77B9B2629160300AC2D22 /* Frameworks */,
				EBB77B9C2629160300AC2D22 /* Resources */,
				E495722C83AA21E6A4B30ECC /* [CP] Embed Pods Frameworks */,
			);
			buildRules = (
			);
			dependencies = (
			);
			name = MoviesDB;
			packageProductDependencies = (
				EB9FCB5E262B12FD009988EA /* Alamofire */,
			);
			productName = MoviesDB;
			productReference = EBB77B9E2629160300AC2D22 /* MoviesDB.app */;
			productType = "com.apple.product-type.application";
		};
/* End PBXNativeTarget section */

/* Begin PBXProject section */
		EBB77B962629160300AC2D22 /* Project object */ = {
			isa = PBXProject;
			attributes = {
				LastSwiftUpdateCheck = 1230;
				LastUpgradeCheck = 1230;
				TargetAttributes = {
					EBB77B9D2629160300AC2D22 = {
						CreatedOnToolsVersion = 12.3;
					};
				};
			};
			buildConfigurationList = EBB77B992629160300AC2D22 /* Build configuration list for PBXProject "MoviesDB" */;
			compatibilityVersion = "Xcode 9.3";
			developmentRegion = en;
			hasScannedForEncodings = 0;
			knownRegions = (
				en,
				Base,
			);
			mainGroup = EBB77B952629160300AC2D22;
			packageReferences = (
				EB9FCB5D262B12FD009988EA /* XCRemoteSwiftPackageReference "Alamofire" */,
			);
			productRefGroup = EBB77B9F2629160300AC2D22 /* Products */;
			projectDirPath = "";
			projectRoot = "";
			targets = (
				EBB77B9D2629160300AC2D22 /* MoviesDB */,
			);
		};
/* End PBXProject section */

/* Begin PBXResourcesBuildPhase section */
		EBB77B9C2629160300AC2D22 /* Resources */ = {
			isa = PBXResourcesBuildPhase;
			buildActionMask = 2147483647;
			files = (
				EB08CE44262BD2AA003F35B5 /* PopularView.storyboard in Resources */,
				EBB77BAE2629160700AC2D22 /* LaunchScreen.storyboard in Resources */,
				EBAF1D48262BDB8F0065A367 /* DetailView.storyboard in Resources */,
				EBB77BAB2629160700AC2D22 /* Assets.xcassets in Resources */,
				EBB77BA92629160300AC2D22 /* NowPlayingView.storyboard in Resources */,
				EB08CE40262BD222003F35B5 /* UpcomingView.storyboard in Resources */,
				EB9FCBD5262BBA1D009988EA /* MovieViewCell.xib in Resources */,
			);
			runOnlyForDeploymentPostprocessing = 0;
		};
/* End PBXResourcesBuildPhase section */

/* Begin PBXShellScriptBuildPhase section */
		E495722C83AA21E6A4B30ECC /* [CP] Embed Pods Frameworks */ = {
			isa = PBXShellScriptBuildPhase;
			buildActionMask = 2147483647;
			files = (
			);
			inputFileListPaths = (
				"${PODS_ROOT}/Target Support Files/Pods-MoviesDB/Pods-MoviesDB-frameworks-${CONFIGURATION}-input-files.xcfilelist",
			);
			name = "[CP] Embed Pods Frameworks";
			outputFileListPaths = (
				"${PODS_ROOT}/Target Support Files/Pods-MoviesDB/Pods-MoviesDB-frameworks-${CONFIGURATION}-output-files.xcfilelist",
			);
			runOnlyForDeploymentPostprocessing = 0;
			shellPath = /bin/sh;
			shellScript = "\"${PODS_ROOT}/Target Support Files/Pods-MoviesDB/Pods-MoviesDB-frameworks.sh\"\n";
			showEnvVarsInLog = 0;
		};
		F7B83DC6E500AA8E79BDF3DD /* [CP] Check Pods Manifest.lock */ = {
			isa = PBXShellScriptBuildPhase;
			buildActionMask = 2147483647;
			files = (
			);
			inputFileListPaths = (
			);
			inputPaths = (
				"${PODS_PODFILE_DIR_PATH}/Podfile.lock",
				"${PODS_ROOT}/Manifest.lock",
			);
			name = "[CP] Check Pods Manifest.lock";
			outputFileListPaths = (
			);
			outputPaths = (
				"$(DERIVED_FILE_DIR)/Pods-MoviesDB-checkManifestLockResult.txt",
			);
			runOnlyForDeploymentPostprocessing = 0;
			shellPath = /bin/sh;
			shellScript = "diff \"${PODS_PODFILE_DIR_PATH}/Podfile.lock\" \"${PODS_ROOT}/Manifest.lock\" > /dev/null\nif [ $? != 0 ] ; then\n    # print error to STDERR\n    echo \"error: The sandbox is not in sync with the Podfile.lock. Run 'pod install' or update your CocoaPods installation.\" >&2\n    exit 1\nfi\n# This output is used by Xcode 'outputs' to avoid re-running this script phase.\necho \"SUCCESS\" > \"${SCRIPT_OUTPUT_FILE_0}\"\n";
			showEnvVarsInLog = 0;
		};
/* End PBXShellScriptBuildPhase section */

/* Begin PBXSourcesBuildPhase section */
		EBB77B9A2629160300AC2D22 /* Sources */ = {
			isa = PBXSourcesBuildPhase;
			buildActionMask = 2147483647;
			files = (
				EB08CE39262BD1F6003F35B5 /* UpcomingInteractor.swift in Sources */,
				EBAF1D4B262C87040065A367 /* CollectionViewSearch.swift in Sources */,
				EBAF1D3F262BD9530065A367 /* DetailWireFrame.swift in Sources */,
				EBB77BA22629160300AC2D22 /* AppDelegate.swift in Sources */,
				EB5F76D52629E3AB00200961 /* NowPlayingDataManager.swift in Sources */,
				EB08CE2C262BD1C4003F35B5 /* PopularWireFrame.swift in Sources */,
				EB08CE29262BD1C4003F35B5 /* PopularInteractor.swift in Sources */,
				EB7D4FC4262A6FE900B9FE23 /* API.swift in Sources */,
				EB08CE3C262BD1F6003F35B5 /* UpcomingWireFrame.swift in Sources */,
				EB5F76D62629E3AB00200961 /* NowPlayingProtocols.swift in Sources */,
				EB08CE3B262BD1F6003F35B5 /* UpcomingRemoteDataManager.swift in Sources */,
				EBAF1D3C262BD9530065A367 /* DetailInteractor.swift in Sources */,
				EBAF1D3A262BD9530065A367 /* DetailLocalDataManager.swift in Sources */,
				EB5F76D82629E3AB00200961 /* NowPlayingController.swift in Sources */,
				EB9FCBE0262BCBC6009988EA /* TabBarWireFrame.swift in Sources */,
				EB08CE26262BD1C4003F35B5 /* PopularPresenter.swift in Sources */,
				EB08CE37262BD1F6003F35B5 /* UpcomingLocalDataManager.swift in Sources */,
				EB08CE36262BD1F6003F35B5 /* UpcomingPresenter.swift in Sources */,
				EB08CE27262BD1C4003F35B5 /* PopularLocalDataManager.swift in Sources */,
				EB08CE2B262BD1C4003F35B5 /* PopularRemoteDataManager.swift in Sources */,
				EBAF1D3E262BD9530065A367 /* DetailRemoteDataManager.swift in Sources */,
				EB5F76D92629E3AB00200961 /* NowPlayingRemoteDataManager.swift in Sources */,
				EB08CE2A262BD1C4003F35B5 /* PopularView.swift in Sources */,
				EB08CE38262BD1F6003F35B5 /* UpcomingProtocols.swift in Sources */,
				EBAF1D39262BD9530065A367 /* DetailPresenter.swift in Sources */,
				EB08CE28262BD1C4003F35B5 /* PopularProtocols.swift in Sources */,
				EB9FCB78262B1894009988EA /* Movie.swift in Sources */,
				EB9FCBD4262BBA1D009988EA /* MovieViewCell.swift in Sources */,
				EBAF1D3D262BD9530065A367 /* DetailView.swift in Sources */,
				EB5F76D42629E3AB00200961 /* NowPlayingPresenter.swift in Sources */,
				EB5F76D72629E3AB00200961 /* NowPlayingInteractor.swift in Sources */,
				EB08CE3A262BD1F6003F35B5 /* UpcomingView.swift in Sources */,
				EB5F76DA2629E3AB00200961 /* NowPlayingWireFrame.swift in Sources */,
				EBAF1D3B262BD9530065A367 /* DetailProtocols.swift in Sources */,
				EB9FCB63262B1335009988EA /* ServiceManager.swift in Sources */,
			);
			runOnlyForDeploymentPostprocessing = 0;
		};
/* End PBXSourcesBuildPhase section */

/* Begin PBXVariantGroup section */
		EBB77BA72629160300AC2D22 /* NowPlayingView.storyboard */ = {
			isa = PBXVariantGroup;
			children = (
				EBB77BA82629160300AC2D22 /* Base */,
			);
			name = NowPlayingView.storyboard;
			sourceTree = "<group>";
		};
		EBB77BAC2629160700AC2D22 /* LaunchScreen.storyboard */ = {
			isa = PBXVariantGroup;
			children = (
				EBB77BAD2629160700AC2D22 /* Base */,
			);
			name = LaunchScreen.storyboard;
			sourceTree = "<group>";
		};
/* End PBXVariantGroup section */

/* Begin XCBuildConfiguration section */
		EBB77BB02629160700AC2D22 /* Debug */ = {
			isa = XCBuildConfiguration;
			buildSettings = {
				ALWAYS_SEARCH_USER_PATHS = NO;
				CLANG_ANALYZER_NONNULL = YES;
				CLANG_ANALYZER_NUMBER_OBJECT_CONVERSION = YES_AGGRESSIVE;
				CLANG_CXX_LANGUAGE_STANDARD = "gnu++14";
				CLANG_CXX_LIBRARY = "libc++";
				CLANG_ENABLE_MODULES = YES;
				CLANG_ENABLE_OBJC_ARC = YES;
				CLANG_ENABLE_OBJC_WEAK = YES;
				CLANG_WARN_BLOCK_CAPTURE_AUTORELEASING = YES;
				CLANG_WARN_BOOL_CONVERSION = YES;
				CLANG_WARN_COMMA = YES;
				CLANG_WARN_CONSTANT_CONVERSION = YES;
				CLANG_WARN_DEPRECATED_OBJC_IMPLEMENTATIONS = YES;
				CLANG_WARN_DIRECT_OBJC_ISA_USAGE = YES_ERROR;
				CLANG_WARN_DOCUMENTATION_COMMENTS = YES;
				CLANG_WARN_EMPTY_BODY = YES;
				CLANG_WARN_ENUM_CONVERSION = YES;
				CLANG_WARN_INFINITE_RECURSION = YES;
				CLANG_WARN_INT_CONVERSION = YES;
				CLANG_WARN_NON_LITERAL_NULL_CONVERSION = YES;
				CLANG_WARN_OBJC_IMPLICIT_RETAIN_SELF = YES;
				CLANG_WARN_OBJC_LITERAL_CONVERSION = YES;
				CLANG_WARN_OBJC_ROOT_CLASS = YES_ERROR;
				CLANG_WARN_QUOTED_INCLUDE_IN_FRAMEWORK_HEADER = YES;
				CLANG_WARN_RANGE_LOOP_ANALYSIS = YES;
				CLANG_WARN_STRICT_PROTOTYPES = YES;
				CLANG_WARN_SUSPICIOUS_MOVE = YES;
				CLANG_WARN_UNGUARDED_AVAILABILITY = YES_AGGRESSIVE;
				CLANG_WARN_UNREACHABLE_CODE = YES;
				CLANG_WARN__DUPLICATE_METHOD_MATCH = YES;
				COPY_PHASE_STRIP = NO;
				DEBUG_INFORMATION_FORMAT = dwarf;
				ENABLE_STRICT_OBJC_MSGSEND = YES;
				ENABLE_TESTABILITY = YES;
				GCC_C_LANGUAGE_STANDARD = gnu11;
				GCC_DYNAMIC_NO_PIC = NO;
				GCC_NO_COMMON_BLOCKS = YES;
				GCC_OPTIMIZATION_LEVEL = 0;
				GCC_PREPROCESSOR_DEFINITIONS = (
					"DEBUG=1",
					"$(inherited)",
				);
				GCC_WARN_64_TO_32_BIT_CONVERSION = YES;
				GCC_WARN_ABOUT_RETURN_TYPE = YES_ERROR;
				GCC_WARN_UNDECLARED_SELECTOR = YES;
				GCC_WARN_UNINITIALIZED_AUTOS = YES_AGGRESSIVE;
				GCC_WARN_UNUSED_FUNCTION = YES;
				GCC_WARN_UNUSED_VARIABLE = YES;
				IPHONEOS_DEPLOYMENT_TARGET = 14.3;
				MTL_ENABLE_DEBUG_INFO = INCLUDE_SOURCE;
				MTL_FAST_MATH = YES;
				ONLY_ACTIVE_ARCH = YES;
				SDKROOT = iphoneos;
				SWIFT_ACTIVE_COMPILATION_CONDITIONS = DEBUG;
				SWIFT_OPTIMIZATION_LEVEL = "-Onone";
			};
			name = Debug;
		};
		EBB77BB12629160700AC2D22 /* Release */ = {
			isa = XCBuildConfiguration;
			buildSettings = {
				ALWAYS_SEARCH_USER_PATHS = NO;
				CLANG_ANALYZER_NONNULL = YES;
				CLANG_ANALYZER_NUMBER_OBJECT_CONVERSION = YES_AGGRESSIVE;
				CLANG_CXX_LANGUAGE_STANDARD = "gnu++14";
				CLANG_CXX_LIBRARY = "libc++";
				CLANG_ENABLE_MODULES = YES;
				CLANG_ENABLE_OBJC_ARC = YES;
				CLANG_ENABLE_OBJC_WEAK = YES;
				CLANG_WARN_BLOCK_CAPTURE_AUTORELEASING = YES;
				CLANG_WARN_BOOL_CONVERSION = YES;
				CLANG_WARN_COMMA = YES;
				CLANG_WARN_CONSTANT_CONVERSION = YES;
				CLANG_WARN_DEPRECATED_OBJC_IMPLEMENTATIONS = YES;
				CLANG_WARN_DIRECT_OBJC_ISA_USAGE = YES_ERROR;
				CLANG_WARN_DOCUMENTATION_COMMENTS = YES;
				CLANG_WARN_EMPTY_BODY = YES;
				CLANG_WARN_ENUM_CONVERSION = YES;
				CLANG_WARN_INFINITE_RECURSION = YES;
				CLANG_WARN_INT_CONVERSION = YES;
				CLANG_WARN_NON_LITERAL_NULL_CONVERSION = YES;
				CLANG_WARN_OBJC_IMPLICIT_RETAIN_SELF = YES;
				CLANG_WARN_OBJC_LITERAL_CONVERSION = YES;
				CLANG_WARN_OBJC_ROOT_CLASS = YES_ERROR;
				CLANG_WARN_QUOTED_INCLUDE_IN_FRAMEWORK_HEADER = YES;
				CLANG_WARN_RANGE_LOOP_ANALYSIS = YES;
				CLANG_WARN_STRICT_PROTOTYPES = YES;
				CLANG_WARN_SUSPICIOUS_MOVE = YES;
				CLANG_WARN_UNGUARDED_AVAILABILITY = YES_AGGRESSIVE;
				CLANG_WARN_UNREACHABLE_CODE = YES;
				CLANG_WARN__DUPLICATE_METHOD_MATCH = YES;
				COPY_PHASE_STRIP = NO;
				DEBUG_INFORMATION_FORMAT = "dwarf-with-dsym";
				ENABLE_NS_ASSERTIONS = NO;
				ENABLE_STRICT_OBJC_MSGSEND = YES;
				GCC_C_LANGUAGE_STANDARD = gnu11;
				GCC_NO_COMMON_BLOCKS = YES;
				GCC_WARN_64_TO_32_BIT_CONVERSION = YES;
				GCC_WARN_ABOUT_RETURN_TYPE = YES_ERROR;
				GCC_WARN_UNDECLARED_SELECTOR = YES;
				GCC_WARN_UNINITIALIZED_AUTOS = YES_AGGRESSIVE;
				GCC_WARN_UNUSED_FUNCTION = YES;
				GCC_WARN_UNUSED_VARIABLE = YES;
				IPHONEOS_DEPLOYMENT_TARGET = 14.3;
				MTL_ENABLE_DEBUG_INFO = NO;
				MTL_FAST_MATH = YES;
				SDKROOT = iphoneos;
				SWIFT_COMPILATION_MODE = wholemodule;
				SWIFT_OPTIMIZATION_LEVEL = "-O";
				VALIDATE_PRODUCT = YES;
			};
			name = Release;
		};
		EBB77BB32629160700AC2D22 /* Debug */ = {
			isa = XCBuildConfiguration;
			baseConfigurationReference = D583B679A4CD780C6FAB220E /* Pods-MoviesDB.debug.xcconfig */;
			buildSettings = {
				ASSETCATALOG_COMPILER_APPICON_NAME = AppIcon;
				ASSETCATALOG_COMPILER_GLOBAL_ACCENT_COLOR_NAME = AccentColor;
				CODE_SIGN_STYLE = Automatic;
				DEVELOPMENT_TEAM = 7577XXK6FR;
				INFOPLIST_FILE = MoviesDB/Info.plist;
				IPHONEOS_DEPLOYMENT_TARGET = 13.0;
				LD_RUNPATH_SEARCH_PATHS = (
					"$(inherited)",
					"@executable_path/Frameworks",
				);
				PRODUCT_BUNDLE_IDENTIFIER = com.PedroVillamil.MoviesDB;
				PRODUCT_NAME = "$(TARGET_NAME)";
				SWIFT_VERSION = 5.0;
				TARGETED_DEVICE_FAMILY = "1,2";
			};
			name = Debug;
		};
		EBB77BB42629160700AC2D22 /* Release */ = {
			isa = XCBuildConfiguration;
			baseConfigurationReference = 864C3FAE4A976BC48F71EB52 /* Pods-MoviesDB.release.xcconfig */;
			buildSettings = {
				ASSETCATALOG_COMPILER_APPICON_NAME = AppIcon;
				ASSETCATALOG_COMPILER_GLOBAL_ACCENT_COLOR_NAME = AccentColor;
				CODE_SIGN_STYLE = Automatic;
				DEVELOPMENT_TEAM = 7577XXK6FR;
				INFOPLIST_FILE = MoviesDB/Info.plist;
				IPHONEOS_DEPLOYMENT_TARGET = 13.0;
				LD_RUNPATH_SEARCH_PATHS = (
					"$(inherited)",
					"@executable_path/Frameworks",
				);
				PRODUCT_BUNDLE_IDENTIFIER = com.PedroVillamil.MoviesDB;
				PRODUCT_NAME = "$(TARGET_NAME)";
				SWIFT_VERSION = 5.0;
				TARGETED_DEVICE_FAMILY = "1,2";
			};
			name = Release;
		};
/* End XCBuildConfiguration section */

/* Begin XCConfigurationList section */
		EBB77B992629160300AC2D22 /* Build configuration list for PBXProject "MoviesDB" */ = {
			isa = XCConfigurationList;
			buildConfigurations = (
				EBB77BB02629160700AC2D22 /* Debug */,
				EBB77BB12629160700AC2D22 /* Release */,
			);
			defaultConfigurationIsVisible = 0;
			defaultConfigurationName = Release;
		};
		EBB77BB22629160700AC2D22 /* Build configuration list for PBXNativeTarget "MoviesDB" */ = {
			isa = XCConfigurationList;
			buildConfigurations = (
				EBB77BB32629160700AC2D22 /* Debug */,
				EBB77BB42629160700AC2D22 /* Release */,
			);
			defaultConfigurationIsVisible = 0;
			defaultConfigurationName = Release;
		};
/* End XCConfigurationList section */

/* Begin XCRemoteSwiftPackageReference section */
		EB9FCB5D262B12FD009988EA /* XCRemoteSwiftPackageReference "Alamofire" */ = {
			isa = XCRemoteSwiftPackageReference;
			repositoryURL = "https://github.com/Alamofire/Alamofire.git";
			requirement = {
				kind = upToNextMajorVersion;
				minimumVersion = 5.4.2;
			};
		};
/* End XCRemoteSwiftPackageReference section */

/* Begin XCSwiftPackageProductDependency section */
		EB9FCB5E262B12FD009988EA /* Alamofire */ = {
			isa = XCSwiftPackageProductDependency;
			package = EB9FCB5D262B12FD009988EA /* XCRemoteSwiftPackageReference "Alamofire" */;
			productName = Alamofire;
		};
/* End XCSwiftPackageProductDependency section */
	};
	rootObject = EBB77B962629160300AC2D22 /* Project object */;
}
