// !$*UTF8*$!
{
	archiveVersion = 1;
	classes = {
	};
	objectVersion = 52;
	objects = {

/* Begin PBXBuildFile section */
		935E3B29FB4ECB33557B3D3A /* Pods_MoviesDB.framework in Frameworks */ = {isa = PBXBuildFile; fileRef = D4CBBBA71482456E8550252E /* Pods_MoviesDB.framework */; };
		EB5F76D42629E3AB00200961 /* HomePresenter.swift in Sources */ = {isa = PBXBuildFile; fileRef = EB5F76CD2629E3AB00200961 /* HomePresenter.swift */; };
		EB5F76D52629E3AB00200961 /* HomeLocalDataManager.swift in Sources */ = {isa = PBXBuildFile; fileRef = EB5F76CE2629E3AB00200961 /* HomeLocalDataManager.swift */; };
		EB5F76D62629E3AB00200961 /* HomeProtocols.swift in Sources */ = {isa = PBXBuildFile; fileRef = EB5F76CF2629E3AB00200961 /* HomeProtocols.swift */; };
		EB5F76D72629E3AB00200961 /* HomeInteractor.swift in Sources */ = {isa = PBXBuildFile; fileRef = EB5F76D02629E3AB00200961 /* HomeInteractor.swift */; };
		EB5F76D82629E3AB00200961 /* HomeViewController.swift in Sources */ = {isa = PBXBuildFile; fileRef = EB5F76D12629E3AB00200961 /* HomeViewController.swift */; };
		EB5F76D92629E3AB00200961 /* HomeRemoteDataManager.swift in Sources */ = {isa = PBXBuildFile; fileRef = EB5F76D22629E3AB00200961 /* HomeRemoteDataManager.swift */; };
		EB5F76DA2629E3AB00200961 /* HomeWireFrame.swift in Sources */ = {isa = PBXBuildFile; fileRef = EB5F76D32629E3AB00200961 /* HomeWireFrame.swift */; };
		EB7D4FC4262A6FE900B9FE23 /* API.swift in Sources */ = {isa = PBXBuildFile; fileRef = EB7D4FC3262A6FE900B9FE23 /* API.swift */; };
		EB9FCB5F262B12FD009988EA /* Alamofire in Frameworks */ = {isa = PBXBuildFile; productRef = EB9FCB5E262B12FD009988EA /* Alamofire */; };
		EB9FCB63262B1335009988EA /* ServiceManager.swift in Sources */ = {isa = PBXBuildFile; fileRef = EB9FCB62262B1335009988EA /* ServiceManager.swift */; };
		EB9FCB78262B1894009988EA /* Movie.swift in Sources */ = {isa = PBXBuildFile; fileRef = EB9FCB77262B1894009988EA /* Movie.swift */; };
		EB9FCBD4262BBA1D009988EA /* MovieViewCell.swift in Sources */ = {isa = PBXBuildFile; fileRef = EB9FCBD2262BBA1D009988EA /* MovieViewCell.swift */; };
		EB9FCBD5262BBA1D009988EA /* MovieViewCell.xib in Resources */ = {isa = PBXBuildFile; fileRef = EB9FCBD3262BBA1D009988EA /* MovieViewCell.xib */; };
		EBB77BA22629160300AC2D22 /* AppDelegate.swift in Sources */ = {isa = PBXBuildFile; fileRef = EBB77BA12629160300AC2D22 /* AppDelegate.swift */; };
		EBB77BA92629160300AC2D22 /* HomeView.storyboard in Resources */ = {isa = PBXBuildFile; fileRef = EBB77BA72629160300AC2D22 /* HomeView.storyboard */; };
		EBB77BAB2629160700AC2D22 /* Assets.xcassets in Resources */ = {isa = PBXBuildFile; fileRef = EBB77BAA2629160700AC2D22 /* Assets.xcassets */; };
		EBB77BAE2629160700AC2D22 /* LaunchScreen.storyboard in Resources */ = {isa = PBXBuildFile; fileRef = EBB77BAC2629160700AC2D22 /* LaunchScreen.storyboard */; };
/* End PBXBuildFile section */

/* Begin PBXFileReference section */
		864C3FAE4A976BC48F71EB52 /* Pods-MoviesDB.release.xcconfig */ = {isa = PBXFileReference; includeInIndex = 1; lastKnownFileType = text.xcconfig; name = "Pods-MoviesDB.release.xcconfig"; path = "Target Support Files/Pods-MoviesDB/Pods-MoviesDB.release.xcconfig"; sourceTree = "<group>"; };
		D4CBBBA71482456E8550252E /* Pods_MoviesDB.framework */ = {isa = PBXFileReference; explicitFileType = wrapper.framework; includeInIndex = 0; path = Pods_MoviesDB.framework; sourceTree = BUILT_PRODUCTS_DIR; };
		D583B679A4CD780C6FAB220E /* Pods-MoviesDB.debug.xcconfig */ = {isa = PBXFileReference; includeInIndex = 1; lastKnownFileType = text.xcconfig; name = "Pods-MoviesDB.debug.xcconfig"; path = "Target Support Files/Pods-MoviesDB/Pods-MoviesDB.debug.xcconfig"; sourceTree = "<group>"; };
		EB5F76CD2629E3AB00200961 /* HomePresenter.swift */ = {isa = PBXFileReference; lastKnownFileType = sourcecode.swift; path = HomePresenter.swift; sourceTree = "<group>"; };
		EB5F76CE2629E3AB00200961 /* HomeLocalDataManager.swift */ = {isa = PBXFileReference; lastKnownFileType = sourcecode.swift; path = HomeLocalDataManager.swift; sourceTree = "<group>"; };
		EB5F76CF2629E3AB00200961 /* HomeProtocols.swift */ = {isa = PBXFileReference; lastKnownFileType = sourcecode.swift; path = HomeProtocols.swift; sourceTree = "<group>"; };
		EB5F76D02629E3AB00200961 /* HomeInteractor.swift */ = {isa = PBXFileReference; lastKnownFileType = sourcecode.swift; path = HomeInteractor.swift; sourceTree = "<group>"; };
		EB5F76D12629E3AB00200961 /* HomeViewController.swift */ = {isa = PBXFileReference; lastKnownFileType = sourcecode.swift; path = HomeViewController.swift; sourceTree = "<group>"; };
		EB5F76D22629E3AB00200961 /* HomeRemoteDataManager.swift */ = {isa = PBXFileReference; lastKnownFileType = sourcecode.swift; path = HomeRemoteDataManager.swift; sourceTree = "<group>"; };
		EB5F76D32629E3AB00200961 /* HomeWireFrame.swift */ = {isa = PBXFileReference; lastKnownFileType = sourcecode.swift; path = HomeWireFrame.swift; sourceTree = "<group>"; };
		EB7D4FC3262A6FE900B9FE23 /* API.swift */ = {isa = PBXFileReference; lastKnownFileType = sourcecode.swift; path = API.swift; sourceTree = "<group>"; };
		EB9FCB62262B1335009988EA /* ServiceManager.swift */ = {isa = PBXFileReference; lastKnownFileType = sourcecode.swift; path = ServiceManager.swift; sourceTree = "<group>"; };
		EB9FCB77262B1894009988EA /* Movie.swift */ = {isa = PBXFileReference; lastKnownFileType = sourcecode.swift; path = Movie.swift; sourceTree = "<group>"; };
		EB9FCBD2262BBA1D009988EA /* MovieViewCell.swift */ = {isa = PBXFileReference; lastKnownFileType = sourcecode.swift; path = MovieViewCell.swift; sourceTree = "<group>"; };
		EB9FCBD3262BBA1D009988EA /* MovieViewCell.xib */ = {isa = PBXFileReference; lastKnownFileType = file.xib; path = MovieViewCell.xib; sourceTree = "<group>"; };
		EBB77B9E2629160300AC2D22 /* MoviesDB.app */ = {isa = PBXFileReference; explicitFileType = wrapper.application; includeInIndex = 0; path = MoviesDB.app; sourceTree = BUILT_PRODUCTS_DIR; };
		EBB77BA12629160300AC2D22 /* AppDelegate.swift */ = {isa = PBXFileReference; lastKnownFileType = sourcecode.swift; path = AppDelegate.swift; sourceTree = "<group>"; };
		EBB77BA82629160300AC2D22 /* Base */ = {isa = PBXFileReference; lastKnownFileType = file.storyboard; name = Base; path = Base.lproj/HomeView.storyboard; sourceTree = "<group>"; };
		EBB77BAA2629160700AC2D22 /* Assets.xcassets */ = {isa = PBXFileReference; lastKnownFileType = folder.assetcatalog; path = Assets.xcassets; sourceTree = "<group>"; };
		EBB77BAD2629160700AC2D22 /* Base */ = {isa = PBXFileReference; lastKnownFileType = file.storyboard; name = Base; path = Base.lproj/LaunchScreen.storyboard; sourceTree = "<group>"; };
		EBB77BAF2629160700AC2D22 /* Info.plist */ = {isa = PBXFileReference; lastKnownFileType = text.plist.xml; path = Info.plist; sourceTree = "<group>"; };
/* End PBXFileReference section */

/* Begin PBXFrameworksBuildPhase section */
		EBB77B9B2629160300AC2D22 /* Frameworks */ = {
			isa = PBXFrameworksBuildPhase;
			buildActionMask = 2147483647;
			files = (
				935E3B29FB4ECB33557B3D3A /* Pods_MoviesDB.framework in Frameworks */,
				EB9FCB5F262B12FD009988EA /* Alamofire in Frameworks */,
			);
			runOnlyForDeploymentPostprocessing = 0;
		};
/* End PBXFrameworksBuildPhase section */

/* Begin PBXGroup section */
		0F243BB399435369DDE2C830 /* Frameworks */ = {
			isa = PBXGroup;
			children = (
				D4CBBBA71482456E8550252E /* Pods_MoviesDB.framework */,
			);
			name = Frameworks;
			sourceTree = "<group>";
		};
		39A3A9D88E17F8C4A0384A2F /* Pods */ = {
			isa = PBXGroup;
			children = (
				D583B679A4CD780C6FAB220E /* Pods-MoviesDB.debug.xcconfig */,
				864C3FAE4A976BC48F71EB52 /* Pods-MoviesDB.release.xcconfig */,
			);
			path = Pods;
			sourceTree = "<group>";
		};
		EB5F76CC2629E39A00200961 /* Home */ = {
			isa = PBXGroup;
			children = (
				EB5F76CD2629E3AB00200961 /* HomePresenter.swift */,
				EB5F76CE2629E3AB00200961 /* HomeLocalDataManager.swift */,
				EB5F76D22629E3AB00200961 /* HomeRemoteDataManager.swift */,
				EB5F76CF2629E3AB00200961 /* HomeProtocols.swift */,
				EB5F76D02629E3AB00200961 /* HomeInteractor.swift */,
				EBB77BA72629160300AC2D22 /* HomeView.storyboard */,
				EB5F76D12629E3AB00200961 /* HomeViewController.swift */,
				EB5F76D32629E3AB00200961 /* HomeWireFrame.swift */,
				EB9FCBD2262BBA1D009988EA /* MovieViewCell.swift */,
				EB9FCBD3262BBA1D009988EA /* MovieViewCell.xib */,
			);
			path = Home;
			sourceTree = "<group>";
		};
		EB5F76DE2629E3E200200961 /* TopRated */ = {
			isa = PBXGroup;
			children = (
			);
			path = TopRated;
			sourceTree = "<group>";
		};
		EB7D4FC2262A6FCC00B9FE23 /* Network */ = {
			isa = PBXGroup;
			children = (
				EB7D4FC3262A6FE900B9FE23 /* API.swift */,
			);
			path = Network;
			sourceTree = "<group>";
		};
		EB9FCB61262B1323009988EA /* Manager */ = {
			isa = PBXGroup;
			children = (
				EB9FCB62262B1335009988EA /* ServiceManager.swift */,
			);
			path = Manager;
			sourceTree = "<group>";
		};
		EBB77B952629160300AC2D22 = {
			isa = PBXGroup;
			children = (
				EBB77BA02629160300AC2D22 /* MoviesDB */,
				EBB77B9F2629160300AC2D22 /* Products */,
				39A3A9D88E17F8C4A0384A2F /* Pods */,
				0F243BB399435369DDE2C830 /* Frameworks */,
			);
			sourceTree = "<group>";
		};
		EBB77B9F2629160300AC2D22 /* Products */ = {
			isa = PBXGroup;
			children = (
				EBB77B9E2629160300AC2D22 /* MoviesDB.app */,
			);
			name = Products;
			sourceTree = "<group>";
		};
		EBB77BA02629160300AC2D22 /* MoviesDB */ = {
			isa = PBXGroup;
			children = (
				EB9FCB77262B1894009988EA /* Movie.swift */,
				EB9FCB61262B1323009988EA /* Manager */,
				EB7D4FC2262A6FCC00B9FE23 /* Network */,
				EB5F76CC2629E39A00200961 /* Home */,
				EB5F76DE2629E3E200200961 /* TopRated */,
				EBB77BA12629160300AC2D22 /* AppDelegate.swift */,
				EBB77BAA2629160700AC2D22 /* Assets.xcassets */,
				EBB77BAC2629160700AC2D22 /* LaunchScreen.storyboard */,
				EBB77BAF2629160700AC2D22 /* Info.plist */,
			);
			path = MoviesDB;
			sourceTree = "<group>";
		};
/* End PBXGroup section */

/* Begin PBXNativeTarget section */
		EBB77B9D2629160300AC2D22 /* MoviesDB */ = {
			isa = PBXNativeTarget;
			buildConfigurationList = EBB77BB22629160700AC2D22 /* Build configuration list for PBXNativeTarget "MoviesDB" */;
			buildPhases = (
				F7B83DC6E500AA8E79BDF3DD /* [CP] Check Pods Manifest.lock */,
				EBB77B9A2629160300AC2D22 /* Sources */,
				EBB77B9B2629160300AC2D22 /* Frameworks */,
				EBB77B9C2629160300AC2D22 /* Resources */,
				E495722C83AA21E6A4B30ECC /* [CP] Embed Pods Frameworks */,
			);
			buildRules = (
			);
			dependencies = (
			);
			name = MoviesDB;
			packageProductDependencies = (
				EB9FCB5E262B12FD009988EA /* Alamofire */,
			);
			productName = MoviesDB;
			productReference = EBB77B9E2629160300AC2D22 /* MoviesDB.app */;
			productType = "com.apple.product-type.application";
		};
/* End PBXNativeTarget section */

/* Begin PBXProject section */
		EBB77B962629160300AC2D22 /* Project object */ = {
			isa = PBXProject;
			attributes = {
				LastSwiftUpdateCheck = 1230;
				LastUpgradeCheck = 1230;
				TargetAttributes = {
					EBB77B9D2629160300AC2D22 = {
						CreatedOnToolsVersion = 12.3;
					};
				};
			};
			buildConfigurationList = EBB77B992629160300AC2D22 /* Build configuration list for PBXProject "MoviesDB" */;
			compatibilityVersion = "Xcode 9.3";
			developmentRegion = en;
			hasScannedForEncodings = 0;
			knownRegions = (
				en,
				Base,
			);
			mainGroup = EBB77B952629160300AC2D22;
			packageReferences = (
				EB9FCB5D262B12FD009988EA /* XCRemoteSwiftPackageReference "Alamofire" */,
			);
			productRefGroup = EBB77B9F2629160300AC2D22 /* Products */;
			projectDirPath = "";
			projectRoot = "";
			targets = (
				EBB77B9D2629160300AC2D22 /* MoviesDB */,
			);
		};
/* End PBXProject section */

/* Begin PBXResourcesBuildPhase section */
		EBB77B9C2629160300AC2D22 /* Resources */ = {
			isa = PBXResourcesBuildPhase;
			buildActionMask = 2147483647;
			files = (
				EBB77BAE2629160700AC2D22 /* LaunchScreen.storyboard in Resources */,
				EBB77BAB2629160700AC2D22 /* Assets.xcassets in Resources */,
				EBB77BA92629160300AC2D22 /* HomeView.storyboard in Resources */,
				EB9FCBD5262BBA1D009988EA /* MovieViewCell.xib in Resources */,
			);
			runOnlyForDeploymentPostprocessing = 0;
		};
/* End PBXResourcesBuildPhase section */

/* Begin PBXShellScriptBuildPhase section */
		E495722C83AA21E6A4B30ECC /* [CP] Embed Pods Frameworks */ = {
			isa = PBXShellScriptBuildPhase;
			buildActionMask = 2147483647;
			files = (
			);
			inputFileListPaths = (
				"${PODS_ROOT}/Target Support Files/Pods-MoviesDB/Pods-MoviesDB-frameworks-${CONFIGURATION}-input-files.xcfilelist",
			);
			name = "[CP] Embed Pods Frameworks";
			outputFileListPaths = (
				"${PODS_ROOT}/Target Support Files/Pods-MoviesDB/Pods-MoviesDB-frameworks-${CONFIGURATION}-output-files.xcfilelist",
			);
			runOnlyForDeploymentPostprocessing = 0;
			shellPath = /bin/sh;
			shellScript = "\"${PODS_ROOT}/Target Support Files/Pods-MoviesDB/Pods-MoviesDB-frameworks.sh\"\n";
			showEnvVarsInLog = 0;
		};
		F7B83DC6E500AA8E79BDF3DD /* [CP] Check Pods Manifest.lock */ = {
			isa = PBXShellScriptBuildPhase;
			buildActionMask = 2147483647;
			files = (
			);
			inputFileListPaths = (
			);
			inputPaths = (
				"${PODS_PODFILE_DIR_PATH}/Podfile.lock",
				"${PODS_ROOT}/Manifest.lock",
			);
			name = "[CP] Check Pods Manifest.lock";
			outputFileListPaths = (
			);
			outputPaths = (
				"$(DERIVED_FILE_DIR)/Pods-MoviesDB-checkManifestLockResult.txt",
			);
			runOnlyForDeploymentPostprocessing = 0;
			shellPath = /bin/sh;
			shellScript = "diff \"${PODS_PODFILE_DIR_PATH}/Podfile.lock\" \"${PODS_ROOT}/Manifest.lock\" > /dev/null\nif [ $? != 0 ] ; then\n    # print error to STDERR\n    echo \"error: The sandbox is not in sync with the Podfile.lock. Run 'pod install' or update your CocoaPods installation.\" >&2\n    exit 1\nfi\n# This output is used by Xcode 'outputs' to avoid re-running this script phase.\necho \"SUCCESS\" > \"${SCRIPT_OUTPUT_FILE_0}\"\n";
			showEnvVarsInLog = 0;
		};
/* End PBXShellScriptBuildPhase section */

/* Begin PBXSourcesBuildPhase section */
		EBB77B9A2629160300AC2D22 /* Sources */ = {
			isa = PBXSourcesBuildPhase;
			buildActionMask = 2147483647;
			files = (
				EBB77BA22629160300AC2D22 /* AppDelegate.swift in Sources */,
				EB5F76D52629E3AB00200961 /* HomeLocalDataManager.swift in Sources */,
				EB7D4FC4262A6FE900B9FE23 /* API.swift in Sources */,
				EB5F76D62629E3AB00200961 /* HomeProtocols.swift in Sources */,
				EB5F76D82629E3AB00200961 /* HomeViewController.swift in Sources */,
				EB5F76D92629E3AB00200961 /* HomeRemoteDataManager.swift in Sources */,
				EB9FCB78262B1894009988EA /* Movie.swift in Sources */,
				EB9FCBD4262BBA1D009988EA /* MovieViewCell.swift in Sources */,
				EB5F76D42629E3AB00200961 /* HomePresenter.swift in Sources */,
				EB5F76D72629E3AB00200961 /* HomeInteractor.swift in Sources */,
				EB5F76DA2629E3AB00200961 /* HomeWireFrame.swift in Sources */,
				EB9FCB63262B1335009988EA /* ServiceManager.swift in Sources */,
			);
			runOnlyForDeploymentPostprocessing = 0;
		};
/* End PBXSourcesBuildPhase section */

/* Begin PBXVariantGroup section */
		EBB77BA72629160300AC2D22 /* HomeView.storyboard */ = {
			isa = PBXVariantGroup;
			children = (
				EBB77BA82629160300AC2D22 /* Base */,
			);
			name = HomeView.storyboard;
			sourceTree = "<group>";
		};
		EBB77BAC2629160700AC2D22 /* LaunchScreen.storyboard */ = {
			isa = PBXVariantGroup;
			children = (
				EBB77BAD2629160700AC2D22 /* Base */,
			);
			name = LaunchScreen.storyboard;
			sourceTree = "<group>";
		};
/* End PBXVariantGroup section */

/* Begin XCBuildConfiguration section */
		EBB77BB02629160700AC2D22 /* Debug */ = {
			isa = XCBuildConfiguration;
			buildSettings = {
				ALWAYS_SEARCH_USER_PATHS = NO;
				CLANG_ANALYZER_NONNULL = YES;
				CLANG_ANALYZER_NUMBER_OBJECT_CONVERSION = YES_AGGRESSIVE;
				CLANG_CXX_LANGUAGE_STANDARD = "gnu++14";
				CLANG_CXX_LIBRARY = "libc++";
				CLANG_ENABLE_MODULES = YES;
				CLANG_ENABLE_OBJC_ARC = YES;
				CLANG_ENABLE_OBJC_WEAK = YES;
				CLANG_WARN_BLOCK_CAPTURE_AUTORELEASING = YES;
				CLANG_WARN_BOOL_CONVERSION = YES;
				CLANG_WARN_COMMA = YES;
				CLANG_WARN_CONSTANT_CONVERSION = YES;
				CLANG_WARN_DEPRECATED_OBJC_IMPLEMENTATIONS = YES;
				CLANG_WARN_DIRECT_OBJC_ISA_USAGE = YES_ERROR;
				CLANG_WARN_DOCUMENTATION_COMMENTS = YES;
				CLANG_WARN_EMPTY_BODY = YES;
				CLANG_WARN_ENUM_CONVERSION = YES;
				CLANG_WARN_INFINITE_RECURSION = YES;
				CLANG_WARN_INT_CONVERSION = YES;
				CLANG_WARN_NON_LITERAL_NULL_CONVERSION = YES;
				CLANG_WARN_OBJC_IMPLICIT_RETAIN_SELF = YES;
				CLANG_WARN_OBJC_LITERAL_CONVERSION = YES;
				CLANG_WARN_OBJC_ROOT_CLASS = YES_ERROR;
				CLANG_WARN_QUOTED_INCLUDE_IN_FRAMEWORK_HEADER = YES;
				CLANG_WARN_RANGE_LOOP_ANALYSIS = YES;
				CLANG_WARN_STRICT_PROTOTYPES = YES;
				CLANG_WARN_SUSPICIOUS_MOVE = YES;
				CLANG_WARN_UNGUARDED_AVAILABILITY = YES_AGGRESSIVE;
				CLANG_WARN_UNREACHABLE_CODE = YES;
				CLANG_WARN__DUPLICATE_METHOD_MATCH = YES;
				COPY_PHASE_STRIP = NO;
				DEBUG_INFORMATION_FORMAT = dwarf;
				ENABLE_STRICT_OBJC_MSGSEND = YES;
				ENABLE_TESTABILITY = YES;
				GCC_C_LANGUAGE_STANDARD = gnu11;
				GCC_DYNAMIC_NO_PIC = NO;
				GCC_NO_COMMON_BLOCKS = YES;
				GCC_OPTIMIZATION_LEVEL = 0;
				GCC_PREPROCESSOR_DEFINITIONS = (
					"DEBUG=1",
					"$(inherited)",
				);
				GCC_WARN_64_TO_32_BIT_CONVERSION = YES;
				GCC_WARN_ABOUT_RETURN_TYPE = YES_ERROR;
				GCC_WARN_UNDECLARED_SELECTOR = YES;
				GCC_WARN_UNINITIALIZED_AUTOS = YES_AGGRESSIVE;
				GCC_WARN_UNUSED_FUNCTION = YES;
				GCC_WARN_UNUSED_VARIABLE = YES;
				IPHONEOS_DEPLOYMENT_TARGET = 14.3;
				MTL_ENABLE_DEBUG_INFO = INCLUDE_SOURCE;
				MTL_FAST_MATH = YES;
				ONLY_ACTIVE_ARCH = YES;
				SDKROOT = iphoneos;
				SWIFT_ACTIVE_COMPILATION_CONDITIONS = DEBUG;
				SWIFT_OPTIMIZATION_LEVEL = "-Onone";
			};
			name = Debug;
		};
		EBB77BB12629160700AC2D22 /* Release */ = {
			isa = XCBuildConfiguration;
			buildSettings = {
				ALWAYS_SEARCH_USER_PATHS = NO;
				CLANG_ANALYZER_NONNULL = YES;
				CLANG_ANALYZER_NUMBER_OBJECT_CONVERSION = YES_AGGRESSIVE;
				CLANG_CXX_LANGUAGE_STANDARD = "gnu++14";
				CLANG_CXX_LIBRARY = "libc++";
				CLANG_ENABLE_MODULES = YES;
				CLANG_ENABLE_OBJC_ARC = YES;
				CLANG_ENABLE_OBJC_WEAK = YES;
				CLANG_WARN_BLOCK_CAPTURE_AUTORELEASING = YES;
				CLANG_WARN_BOOL_CONVERSION = YES;
				CLANG_WARN_COMMA = YES;
				CLANG_WARN_CONSTANT_CONVERSION = YES;
				CLANG_WARN_DEPRECATED_OBJC_IMPLEMENTATIONS = YES;
				CLANG_WARN_DIRECT_OBJC_ISA_USAGE = YES_ERROR;
				CLANG_WARN_DOCUMENTATION_COMMENTS = YES;
				CLANG_WARN_EMPTY_BODY = YES;
				CLANG_WARN_ENUM_CONVERSION = YES;
				CLANG_WARN_INFINITE_RECURSION = YES;
				CLANG_WARN_INT_CONVERSION = YES;
				CLANG_WARN_NON_LITERAL_NULL_CONVERSION = YES;
				CLANG_WARN_OBJC_IMPLICIT_RETAIN_SELF = YES;
				CLANG_WARN_OBJC_LITERAL_CONVERSION = YES;
				CLANG_WARN_OBJC_ROOT_CLASS = YES_ERROR;
				CLANG_WARN_QUOTED_INCLUDE_IN_FRAMEWORK_HEADER = YES;
				CLANG_WARN_RANGE_LOOP_ANALYSIS = YES;
				CLANG_WARN_STRICT_PROTOTYPES = YES;
				CLANG_WARN_SUSPICIOUS_MOVE = YES;
				CLANG_WARN_UNGUARDED_AVAILABILITY = YES_AGGRESSIVE;
				CLANG_WARN_UNREACHABLE_CODE = YES;
				CLANG_WARN__DUPLICATE_METHOD_MATCH = YES;
				COPY_PHASE_STRIP = NO;
				DEBUG_INFORMATION_FORMAT = "dwarf-with-dsym";
				ENABLE_NS_ASSERTIONS = NO;
				ENABLE_STRICT_OBJC_MSGSEND = YES;
				GCC_C_LANGUAGE_STANDARD = gnu11;
				GCC_NO_COMMON_BLOCKS = YES;
				GCC_WARN_64_TO_32_BIT_CONVERSION = YES;
				GCC_WARN_ABOUT_RETURN_TYPE = YES_ERROR;
				GCC_WARN_UNDECLARED_SELECTOR = YES;
				GCC_WARN_UNINITIALIZED_AUTOS = YES_AGGRESSIVE;
				GCC_WARN_UNUSED_FUNCTION = YES;
				GCC_WARN_UNUSED_VARIABLE = YES;
				IPHONEOS_DEPLOYMENT_TARGET = 14.3;
				MTL_ENABLE_DEBUG_INFO = NO;
				MTL_FAST_MATH = YES;
				SDKROOT = iphoneos;
				SWIFT_COMPILATION_MODE = wholemodule;
				SWIFT_OPTIMIZATION_LEVEL = "-O";
				VALIDATE_PRODUCT = YES;
			};
			name = Release;
		};
		EBB77BB32629160700AC2D22 /* Debug */ = {
			isa = XCBuildConfiguration;
			baseConfigurationReference = D583B679A4CD780C6FAB220E /* Pods-MoviesDB.debug.xcconfig */;
			buildSettings = {
				ASSETCATALOG_COMPILER_APPICON_NAME = AppIcon;
				ASSETCATALOG_COMPILER_GLOBAL_ACCENT_COLOR_NAME = AccentColor;
				CODE_SIGN_STYLE = Automatic;
				DEVELOPMENT_TEAM = 7577XXK6FR;
				INFOPLIST_FILE = MoviesDB/Info.plist;
				IPHONEOS_DEPLOYMENT_TARGET = 12.0;
				LD_RUNPATH_SEARCH_PATHS = (
					"$(inherited)",
					"@executable_path/Frameworks",
				);
				PRODUCT_BUNDLE_IDENTIFIER = com.PedroVillamil.MoviesDB;
				PRODUCT_NAME = "$(TARGET_NAME)";
				SWIFT_VERSION = 5.0;
				TARGETED_DEVICE_FAMILY = "1,2";
			};
			name = Debug;
		};
		EBB77BB42629160700AC2D22 /* Release */ = {
			isa = XCBuildConfiguration;
			baseConfigurationReference = 864C3FAE4A976BC48F71EB52 /* Pods-MoviesDB.release.xcconfig */;
			buildSettings = {
				ASSETCATALOG_COMPILER_APPICON_NAME = AppIcon;
				ASSETCATALOG_COMPILER_GLOBAL_ACCENT_COLOR_NAME = AccentColor;
				CODE_SIGN_STYLE = Automatic;
				DEVELOPMENT_TEAM = 7577XXK6FR;
				INFOPLIST_FILE = MoviesDB/Info.plist;
				IPHONEOS_DEPLOYMENT_TARGET = 12.0;
				LD_RUNPATH_SEARCH_PATHS = (
					"$(inherited)",
					"@executable_path/Frameworks",
				);
				PRODUCT_BUNDLE_IDENTIFIER = com.PedroVillamil.MoviesDB;
				PRODUCT_NAME = "$(TARGET_NAME)";
				SWIFT_VERSION = 5.0;
				TARGETED_DEVICE_FAMILY = "1,2";
			};
			name = Release;
		};
/* End XCBuildConfiguration section */

/* Begin XCConfigurationList section */
		EBB77B992629160300AC2D22 /* Build configuration list for PBXProject "MoviesDB" */ = {
			isa = XCConfigurationList;
			buildConfigurations = (
				EBB77BB02629160700AC2D22 /* Debug */,
				EBB77BB12629160700AC2D22 /* Release */,
			);
			defaultConfigurationIsVisible = 0;
			defaultConfigurationName = Release;
		};
		EBB77BB22629160700AC2D22 /* Build configuration list for PBXNativeTarget "MoviesDB" */ = {
			isa = XCConfigurationList;
			buildConfigurations = (
				EBB77BB32629160700AC2D22 /* Debug */,
				EBB77BB42629160700AC2D22 /* Release */,
			);
			defaultConfigurationIsVisible = 0;
			defaultConfigurationName = Release;
		};
/* End XCConfigurationList section */

/* Begin XCRemoteSwiftPackageReference section */
		EB9FCB5D262B12FD009988EA /* XCRemoteSwiftPackageReference "Alamofire" */ = {
			isa = XCRemoteSwiftPackageReference;
			repositoryURL = "https://github.com/Alamofire/Alamofire.git";
			requirement = {
				kind = upToNextMajorVersion;
				minimumVersion = 5.4.2;
			};
		};
/* End XCRemoteSwiftPackageReference section */

/* Begin XCSwiftPackageProductDependency section */
		EB9FCB5E262B12FD009988EA /* Alamofire */ = {
			isa = XCSwiftPackageProductDependency;
			package = EB9FCB5D262B12FD009988EA /* XCRemoteSwiftPackageReference "Alamofire" */;
			productName = Alamofire;
		};
/* End XCSwiftPackageProductDependency section */
	};
	rootObject = EBB77B962629160300AC2D22 /* Project object */;
}
